// !$*UTF8*$!
{
	archiveVersion = 1;
	classes = {
	};
	objectVersion = 55;
	objects = {

/* Begin PBXBuildFile section */
		00DD6D6627CC557300DB41B8 /* AppDelegate.swift in Sources */ = {isa = PBXBuildFile; fileRef = 00DD6D6527CC557300DB41B8 /* AppDelegate.swift */; };
		00DD6D6827CC557300DB41B8 /* SceneDelegate.swift in Sources */ = {isa = PBXBuildFile; fileRef = 00DD6D6727CC557300DB41B8 /* SceneDelegate.swift */; };
		00DD6D6A27CC557300DB41B8 /* ViewController.swift in Sources */ = {isa = PBXBuildFile; fileRef = 00DD6D6927CC557300DB41B8 /* ViewController.swift */; };
		00DD6D6D27CC557300DB41B8 /* Main.storyboard in Resources */ = {isa = PBXBuildFile; fileRef = 00DD6D6B27CC557300DB41B8 /* Main.storyboard */; };
		00DD6D6F27CC557500DB41B8 /* Assets.xcassets in Resources */ = {isa = PBXBuildFile; fileRef = 00DD6D6E27CC557500DB41B8 /* Assets.xcassets */; };
		00DD6D7227CC557500DB41B8 /* LaunchScreen.storyboard in Resources */ = {isa = PBXBuildFile; fileRef = 00DD6D7027CC557500DB41B8 /* LaunchScreen.storyboard */; };
		00DD6D7A27CC564500DB41B8 /* trailers.json in Resources */ = {isa = PBXBuildFile; fileRef = 00DD6D7927CC564500DB41B8 /* trailers.json */; };
		00DD6D7C27CC6A5200DB41B8 /* TrailerViewController.swift in Sources */ = {isa = PBXBuildFile; fileRef = 00DD6D7B27CC6A5200DB41B8 /* TrailerViewController.swift */; };
/* End PBXBuildFile section */

/* Begin PBXFileReference section */
		00DD6D6227CC557300DB41B8 /* TrailerFlix.app */ = {isa = PBXFileReference; explicitFileType = wrapper.application; includeInIndex = 0; path = TrailerFlix.app; sourceTree = BUILT_PRODUCTS_DIR; };
		00DD6D6527CC557300DB41B8 /* AppDelegate.swift */ = {isa = PBXFileReference; lastKnownFileType = sourcecode.swift; path = AppDelegate.swift; sourceTree = "<group>"; };
		00DD6D6727CC557300DB41B8 /* SceneDelegate.swift */ = {isa = PBXFileReference; lastKnownFileType = sourcecode.swift; path = SceneDelegate.swift; sourceTree = "<group>"; };
		00DD6D6927CC557300DB41B8 /* ViewController.swift */ = {isa = PBXFileReference; lastKnownFileType = sourcecode.swift; path = ViewController.swift; sourceTree = "<group>"; };
		00DD6D6C27CC557300DB41B8 /* Base */ = {isa = PBXFileReference; lastKnownFileType = file.storyboard; name = Base; path = Base.lproj/Main.storyboard; sourceTree = "<group>"; };
		00DD6D6E27CC557500DB41B8 /* Assets.xcassets */ = {isa = PBXFileReference; lastKnownFileType = folder.assetcatalog; path = Assets.xcassets; sourceTree = "<group>"; };
		00DD6D7127CC557500DB41B8 /* Base */ = {isa = PBXFileReference; lastKnownFileType = file.storyboard; name = Base; path = Base.lproj/LaunchScreen.storyboard; sourceTree = "<group>"; };
		00DD6D7327CC557500DB41B8 /* Info.plist */ = {isa = PBXFileReference; lastKnownFileType = text.plist.xml; path = Info.plist; sourceTree = "<group>"; };
		00DD6D7927CC564500DB41B8 /* trailers.json */ = {isa = PBXFileReference; fileEncoding = 4; lastKnownFileType = text.json; name = trailers.json; path = "../../../../../Downloads/Arquivos TrailerFlix/trailers.json"; sourceTree = "<group>"; };
		00DD6D7B27CC6A5200DB41B8 /* TrailerViewController.swift */ = {isa = PBXFileReference; lastKnownFileType = sourcecode.swift; path = TrailerViewController.swift; sourceTree = "<group>"; };
/* End PBXFileReference section */

/* Begin PBXFrameworksBuildPhase section */
		00DD6D5F27CC557300DB41B8 /* Frameworks */ = {
			isa = PBXFrameworksBuildPhase;
			buildActionMask = 2147483647;
			files = (
			);
			runOnlyForDeploymentPostprocessing = 0;
		};
/* End PBXFrameworksBuildPhase section */

/* Begin PBXGroup section */
		00DD6D5927CC557300DB41B8 = {
			isa = PBXGroup;
			children = (
				00DD6D6427CC557300DB41B8 /* TrailerFlix */,
				00DD6D6327CC557300DB41B8 /* Products */,
			);
			sourceTree = "<group>";
		};
		00DD6D6327CC557300DB41B8 /* Products */ = {
			isa = PBXGroup;
			children = (
				00DD6D6227CC557300DB41B8 /* TrailerFlix.app */,
			);
			name = Products;
			sourceTree = "<group>";
		};
		00DD6D6427CC557300DB41B8 /* TrailerFlix */ = {
			isa = PBXGroup;
			children = (
				00DD6D6527CC557300DB41B8 /* AppDelegate.swift */,
				00DD6D7927CC564500DB41B8 /* trailers.json */,
				00DD6D6727CC557300DB41B8 /* SceneDelegate.swift */,
				00DD6D6927CC557300DB41B8 /* ViewController.swift */,
				00DD6D6B27CC557300DB41B8 /* Main.storyboard */,
				00DD6D7B27CC6A5200DB41B8 /* TrailerViewController.swift */,
				00DD6D6E27CC557500DB41B8 /* Assets.xcassets */,
				00DD6D7027CC557500DB41B8 /* LaunchScreen.storyboard */,
				00DD6D7327CC557500DB41B8 /* Info.plist */,
			);
			path = TrailerFlix;
			sourceTree = "<group>";
		};
/* End PBXGroup section */

/* Begin PBXNativeTarget section */
		00DD6D6127CC557300DB41B8 /* TrailerFlix */ = {
			isa = PBXNativeTarget;
			buildConfigurationList = 00DD6D7627CC557500DB41B8 /* Build configuration list for PBXNativeTarget "TrailerFlix" */;
			buildPhases = (
				00DD6D5E27CC557300DB41B8 /* Sources */,
				00DD6D5F27CC557300DB41B8 /* Frameworks */,
				00DD6D6027CC557300DB41B8 /* Resources */,
			);
			buildRules = (
			);
			dependencies = (
			);
			name = TrailerFlix;
			productName = TrailerFlix;
			productReference = 00DD6D6227CC557300DB41B8 /* TrailerFlix.app */;
			productType = "com.apple.product-type.application";
		};
/* End PBXNativeTarget section */

/* Begin PBXProject section */
		00DD6D5A27CC557300DB41B8 /* Project object */ = {
			isa = PBXProject;
			attributes = {
				BuildIndependentTargetsInParallel = 1;
				LastSwiftUpdateCheck = 1320;
				LastUpgradeCheck = 1320;
				TargetAttributes = {
					00DD6D6127CC557300DB41B8 = {
						CreatedOnToolsVersion = 13.2.1;
					};
				};
			};
			buildConfigurationList = 00DD6D5D27CC557300DB41B8 /* Build configuration list for PBXProject "TrailerFlix" */;
			compatibilityVersion = "Xcode 13.0";
			developmentRegion = en;
			hasScannedForEncodings = 0;
			knownRegions = (
				en,
				Base,
			);
			mainGroup = 00DD6D5927CC557300DB41B8;
			productRefGroup = 00DD6D6327CC557300DB41B8 /* Products */;
			projectDirPath = "";
			projectRoot = "";
			targets = (
				00DD6D6127CC557300DB41B8 /* TrailerFlix */,
			);
		};
/* End PBXProject section */

/* Begin PBXResourcesBuildPhase section */
		00DD6D6027CC557300DB41B8 /* Resources */ = {
			isa = PBXResourcesBuildPhase;
			buildActionMask = 2147483647;
			files = (
				00DD6D7227CC557500DB41B8 /* LaunchScreen.storyboard in Resources */,
				00DD6D6F27CC557500DB41B8 /* Assets.xcassets in Resources */,
				00DD6D6D27CC557300DB41B8 /* Main.storyboard in Resources */,
				00DD6D7A27CC564500DB41B8 /* trailers.json in Resources */,
			);
			runOnlyForDeploymentPostprocessing = 0;
		};
/* End PBXResourcesBuildPhase section */

/* Begin PBXSourcesBuildPhase section */
		00DD6D5E27CC557300DB41B8 /* Sources */ = {
			isa = PBXSourcesBuildPhase;
			buildActionMask = 2147483647;
			files = (
				00DD6D7C27CC6A5200DB41B8 /* TrailerViewController.swift in Sources */,
				00DD6D6A27CC557300DB41B8 /* ViewController.swift in Sources */,
				00DD6D6627CC557300DB41B8 /* AppDelegate.swift in Sources */,
				00DD6D6827CC557300DB41B8 /* SceneDelegate.swift in Sources */,
			);
			runOnlyForDeploymentPostprocessing = 0;
		};
/* End PBXSourcesBuildPhase section */

/* Begin PBXVariantGroup section */
		00DD6D6B27CC557300DB41B8 /* Main.storyboard */ = {
			isa = PBXVariantGroup;
			children = (
				00DD6D6C27CC557300DB41B8 /* Base */,
			);
			name = Main.storyboard;
			sourceTree = "<group>";
		};
		00DD6D7027CC557500DB41B8 /* LaunchScreen.storyboard */ = {
			isa = PBXVariantGroup;
			children = (
				00DD6D7127CC557500DB41B8 /* Base */,
			);
			name = LaunchScreen.storyboard;
			sourceTree = "<group>";
		};
/* End PBXVariantGroup section */

/* Begin XCBuildConfiguration section */
		00DD6D7427CC557500DB41B8 /* Debug */ = {
			isa = XCBuildConfiguration;
			buildSettings = {
				ALWAYS_SEARCH_USER_PATHS = NO;
				CLANG_ANALYZER_NONNULL = YES;
				CLANG_ANALYZER_NUMBER_OBJECT_CONVERSION = YES_AGGRESSIVE;
				CLANG_CXX_LANGUAGE_STANDARD = "gnu++17";
				CLANG_CXX_LIBRARY = "libc++";
				CLANG_ENABLE_MODULES = YES;
				CLANG_ENABLE_OBJC_ARC = YES;
				CLANG_ENABLE_OBJC_WEAK = YES;
				CLANG_WARN_BLOCK_CAPTURE_AUTORELEASING = YES;
				CLANG_WARN_BOOL_CONVERSION = YES;
				CLANG_WARN_COMMA = YES;
				CLANG_WARN_CONSTANT_CONVERSION = YES;
				CLANG_WARN_DEPRECATED_OBJC_IMPLEMENTATIONS = YES;
				CLANG_WARN_DIRECT_OBJC_ISA_USAGE = YES_ERROR;
				CLANG_WARN_DOCUMENTATION_COMMENTS = YES;
				CLANG_WARN_EMPTY_BODY = YES;
				CLANG_WARN_ENUM_CONVERSION = YES;
				CLANG_WARN_INFINITE_RECURSION = YES;
				CLANG_WARN_INT_CONVERSION = YES;
				CLANG_WARN_NON_LITERAL_NULL_CONVERSION = YES;
				CLANG_WARN_OBJC_IMPLICIT_RETAIN_SELF = YES;
				CLANG_WARN_OBJC_LITERAL_CONVERSION = YES;
				CLANG_WARN_OBJC_ROOT_CLASS = YES_ERROR;
				CLANG_WARN_QUOTED_INCLUDE_IN_FRAMEWORK_HEADER = YES;
				CLANG_WARN_RANGE_LOOP_ANALYSIS = YES;
				CLANG_WARN_STRICT_PROTOTYPES = YES;
				CLANG_WARN_SUSPICIOUS_MOVE = YES;
				CLANG_WARN_UNGUARDED_AVAILABILITY = YES_AGGRESSIVE;
				CLANG_WARN_UNREACHABLE_CODE = YES;
				CLANG_WARN__DUPLICATE_METHOD_MATCH = YES;
				COPY_PHASE_STRIP = NO;
				DEBUG_INFORMATION_FORMAT = dwarf;
				ENABLE_STRICT_OBJC_MSGSEND = YES;
				ENABLE_TESTABILITY = YES;
				GCC_C_LANGUAGE_STANDARD = gnu11;
				GCC_DYNAMIC_NO_PIC = NO;
				GCC_NO_COMMON_BLOCKS = YES;
				GCC_OPTIMIZATION_LEVEL = 0;
				GCC_PREPROCESSOR_DEFINITIONS = (
					"DEBUG=1",
					"$(inherited)",
				);
				GCC_WARN_64_TO_32_BIT_CONVERSION = YES;
				GCC_WARN_ABOUT_RETURN_TYPE = YES_ERROR;
				GCC_WARN_UNDECLARED_SELECTOR = YES;
				GCC_WARN_UNINITIALIZED_AUTOS = YES_AGGRESSIVE;
				GCC_WARN_UNUSED_FUNCTION = YES;
				GCC_WARN_UNUSED_VARIABLE = YES;
				IPHONEOS_DEPLOYMENT_TARGET = 15.2;
				MTL_ENABLE_DEBUG_INFO = INCLUDE_SOURCE;
				MTL_FAST_MATH = YES;
				ONLY_ACTIVE_ARCH = YES;
				SDKROOT = iphoneos;
				SWIFT_ACTIVE_COMPILATION_CONDITIONS = DEBUG;
				SWIFT_OPTIMIZATION_LEVEL = "-Onone";
			};
			name = Debug;
		};
		00DD6D7527CC557500DB41B8 /* Release */ = {
			isa = XCBuildConfiguration;
			buildSettings = {
				ALWAYS_SEARCH_USER_PATHS = NO;
				CLANG_ANALYZER_NONNULL = YES;
				CLANG_ANALYZER_NUMBER_OBJECT_CONVERSION = YES_AGGRESSIVE;
				CLANG_CXX_LANGUAGE_STANDARD = "gnu++17";
				CLANG_CXX_LIBRARY = "libc++";
				CLANG_ENABLE_MODULES = YES;
				CLANG_ENABLE_OBJC_ARC = YES;
				CLANG_ENABLE_OBJC_WEAK = YES;
				CLANG_WARN_BLOCK_CAPTURE_AUTORELEASING = YES;
				CLANG_WARN_BOOL_CONVERSION = YES;
				CLANG_WARN_COMMA = YES;
				CLANG_WARN_CONSTANT_CONVERSION = YES;
				CLANG_WARN_DEPRECATED_OBJC_IMPLEMENTATIONS = YES;
				CLANG_WARN_DIRECT_OBJC_ISA_USAGE = YES_ERROR;
				CLANG_WARN_DOCUMENTATION_COMMENTS = YES;
				CLANG_WARN_EMPTY_BODY = YES;
				CLANG_WARN_ENUM_CONVERSION = YES;
				CLANG_WARN_INFINITE_RECURSION = YES;
				CLANG_WARN_INT_CONVERSION = YES;
				CLANG_WARN_NON_LITERAL_NULL_CONVERSION = YES;
				CLANG_WARN_OBJC_IMPLICIT_RETAIN_SELF = YES;
				CLANG_WARN_OBJC_LITERAL_CONVERSION = YES;
				CLANG_WARN_OBJC_ROOT_CLASS = YES_ERROR;
				CLANG_WARN_QUOTED_INCLUDE_IN_FRAMEWORK_HEADER = YES;
				CLANG_WARN_RANGE_LOOP_ANALYSIS = YES;
				CLANG_WARN_STRICT_PROTOTYPES = YES;
				CLANG_WARN_SUSPICIOUS_MOVE = YES;
				CLANG_WARN_UNGUARDED_AVAILABILITY = YES_AGGRESSIVE;
				CLANG_WARN_UNREACHABLE_CODE = YES;
				CLANG_WARN__DUPLICATE_METHOD_MATCH = YES;
				COPY_PHASE_STRIP = NO;
				DEBUG_INFORMATION_FORMAT = "dwarf-with-dsym";
				ENABLE_NS_ASSERTIONS = NO;
				ENABLE_STRICT_OBJC_MSGSEND = YES;
				GCC_C_LANGUAGE_STANDARD = gnu11;
				GCC_NO_COMMON_BLOCKS = YES;
				GCC_WARN_64_TO_32_BIT_CONVERSION = YES;
				GCC_WARN_ABOUT_RETURN_TYPE = YES_ERROR;
				GCC_WARN_UNDECLARED_SELECTOR = YES;
				GCC_WARN_UNINITIALIZED_AUTOS = YES_AGGRESSIVE;
				GCC_WARN_UNUSED_FUNCTION = YES;
				GCC_WARN_UNUSED_VARIABLE = YES;
				IPHONEOS_DEPLOYMENT_TARGET = 15.2;
				MTL_ENABLE_DEBUG_INFO = NO;
				MTL_FAST_MATH = YES;
				SDKROOT = iphoneos;
				SWIFT_COMPILATION_MODE = wholemodule;
				SWIFT_OPTIMIZATION_LEVEL = "-O";
				VALIDATE_PRODUCT = YES;
			};
			name = Release;
		};
		00DD6D7727CC557500DB41B8 /* Debug */ = {
			isa = XCBuildConfiguration;
			buildSettings = {
				ASSETCATALOG_COMPILER_APPICON_NAME = AppIcon;
				ASSETCATALOG_COMPILER_GLOBAL_ACCENT_COLOR_NAME = AccentColor;
				CODE_SIGN_STYLE = Automatic;
				CURRENT_PROJECT_VERSION = 1;
				GENERATE_INFOPLIST_FILE = YES;
				INFOPLIST_FILE = TrailerFlix/Info.plist;
				INFOPLIST_KEY_UIApplicationSupportsIndirectInputEvents = YES;
				INFOPLIST_KEY_UILaunchStoryboardName = LaunchScreen;
				INFOPLIST_KEY_UIMainStoryboardFile = Main;
				INFOPLIST_KEY_UISupportedInterfaceOrientations = "UIInterfaceOrientationLandscapeRight UIInterfaceOrientationLandscapeLeft";
				INFOPLIST_KEY_UISupportedInterfaceOrientations_iPad = "UIInterfaceOrientationPortrait UIInterfaceOrientationPortraitUpsideDown UIInterfaceOrientationLandscapeLeft UIInterfaceOrientationLandscapeRight";
				INFOPLIST_KEY_UISupportedInterfaceOrientations_iPhone = "UIInterfaceOrientationPortrait UIInterfaceOrientationLandscapeLeft UIInterfaceOrientationLandscapeRight";
				LD_RUNPATH_SEARCH_PATHS = (
					"$(inherited)",
					"@executable_path/Frameworks",
				);
				MARKETING_VERSION = 1.0;
				PRODUCT_BUNDLE_IDENTIFIER = com.rennanbruno.TrailerFlix;
				PRODUCT_NAME = "$(TARGET_NAME)";
				SWIFT_EMIT_LOC_STRINGS = YES;
				SWIFT_VERSION = 5.0;
				TARGETED_DEVICE_FAMILY = 1;
			};
			name = Debug;
		};
		00DD6D7827CC557500DB41B8 /* Release */ = {
			isa = XCBuildConfiguration;
			buildSettings = {
				ASSETCATALOG_COMPILER_APPICON_NAME = AppIcon;
				ASSETCATALOG_COMPILER_GLOBAL_ACCENT_COLOR_NAME = AccentColor;
				CODE_SIGN_STYLE = Automatic;
				CURRENT_PROJECT_VERSION = 1;
				GENERATE_INFOPLIST_FILE = YES;
				INFOPLIST_FILE = TrailerFlix/Info.plist;
				INFOPLIST_KEY_UIApplicationSupportsIndirectInputEvents = YES;
				INFOPLIST_KEY_UILaunchStoryboardName = LaunchScreen;
				INFOPLIST_KEY_UIMainStoryboardFile = Main;
				INFOPLIST_KEY_UISupportedInterfaceOrientations = "UIInterfaceOrientationLandscapeRight UIInterfaceOrientationLandscapeLeft";
				INFOPLIST_KEY_UISupportedInterfaceOrientations_iPad = "UIInterfaceOrientationPortrait UIInterfaceOrientationPortraitUpsideDown UIInterfaceOrientationLandscapeLeft UIInterfaceOrientationLandscapeRight";
				INFOPLIST_KEY_UISupportedInterfaceOrientations_iPhone = "UIInterfaceOrientationPortrait UIInterfaceOrientationLandscapeLeft UIInterfaceOrientationLandscapeRight";
				LD_RUNPATH_SEARCH_PATHS = (
					"$(inherited)",
					"@executable_path/Frameworks",
				);
				MARKETING_VERSION = 1.0;
				PRODUCT_BUNDLE_IDENTIFIER = com.rennanbruno.TrailerFlix;
				PRODUCT_NAME = "$(TARGET_NAME)";
				SWIFT_EMIT_LOC_STRINGS = YES;
				SWIFT_VERSION = 5.0;
				TARGETED_DEVICE_FAMILY = 1;
			};
			name = Release;
		};
/* End XCBuildConfiguration section */

/* Begin XCConfigurationList section */
		00DD6D5D27CC557300DB41B8 /* Build configuration list for PBXProject "TrailerFlix" */ = {
			isa = XCConfigurationList;
			buildConfigurations = (
				00DD6D7427CC557500DB41B8 /* Debug */,
				00DD6D7527CC557500DB41B8 /* Release */,
			);
			defaultConfigurationIsVisible = 0;
			defaultConfigurationName = Release;
		};
		00DD6D7627CC557500DB41B8 /* Build configuration list for PBXNativeTarget "TrailerFlix" */ = {
			isa = XCConfigurationList;
			buildConfigurations = (
				00DD6D7727CC557500DB41B8 /* Debug */,
				00DD6D7827CC557500DB41B8 /* Release */,
			);
			defaultConfigurationIsVisible = 0;
			defaultConfigurationName = Release;
		};
/* End XCConfigurationList section */
	};
	rootObject = 00DD6D5A27CC557300DB41B8 /* Project object */;
}
